// !$*UTF8*$!
{
	archiveVersion = 1;
	classes = {
	};
	objectVersion = 46;
	objects = {

/* Begin PBXBuildFile section */
		691100B11DFF247F00DA3FA4 /* main.cpp in Sources */ = {isa = PBXBuildFile; fileRef = 691100B01DFF247F00DA3FA4 /* main.cpp */; };
		691100B81DFF24F800DA3FA4 /* SDL2.framework in Frameworks */ = {isa = PBXBuildFile; fileRef = 691100B71DFF24F800DA3FA4 /* SDL2.framework */; };
		691100BB1DFF2D5500DA3FA4 /* Screen.cpp in Sources */ = {isa = PBXBuildFile; fileRef = 691100B91DFF2D5500DA3FA4 /* Screen.cpp */; };
		691100BE1DFF4D5D00DA3FA4 /* Particle.cpp in Sources */ = {isa = PBXBuildFile; fileRef = 691100BC1DFF4D5D00DA3FA4 /* Particle.cpp */; };
		691100C11DFF4D6A00DA3FA4 /* Swarm.cpp in Sources */ = {isa = PBXBuildFile; fileRef = 691100BF1DFF4D6A00DA3FA4 /* Swarm.cpp */; };
/* End PBXBuildFile section */

/* Begin PBXCopyFilesBuildPhase section */
		691100AB1DFF247F00DA3FA4 /* CopyFiles */ = {
			isa = PBXCopyFilesBuildPhase;
			buildActionMask = 2147483647;
			dstPath = /usr/share/man/man1/;
			dstSubfolderSpec = 0;
			files = (
			);
			runOnlyForDeploymentPostprocessing = 1;
		};
/* End PBXCopyFilesBuildPhase section */

/* Begin PBXFileReference section */
		691100AD1DFF247F00DA3FA4 /* Particle Fire */ = {isa = PBXFileReference; explicitFileType = "compiled.mach-o.executable"; includeInIndex = 0; path = "Particle Fire"; sourceTree = BUILT_PRODUCTS_DIR; };
		691100B01DFF247F00DA3FA4 /* main.cpp */ = {isa = PBXFileReference; lastKnownFileType = sourcecode.cpp.cpp; path = main.cpp; sourceTree = "<group>"; };
		691100B71DFF24F800DA3FA4 /* SDL2.framework */ = {isa = PBXFileReference; lastKnownFileType = wrapper.framework; name = SDL2.framework; path = ../../../../../../../../Library/Frameworks/SDL2.framework; sourceTree = "<group>"; };
		691100B91DFF2D5500DA3FA4 /* Screen.cpp */ = {isa = PBXFileReference; fileEncoding = 4; lastKnownFileType = sourcecode.cpp.cpp; path = Screen.cpp; sourceTree = "<group>"; };
		691100BA1DFF2D5500DA3FA4 /* Screen.hpp */ = {isa = PBXFileReference; fileEncoding = 4; lastKnownFileType = sourcecode.cpp.h; path = Screen.hpp; sourceTree = "<group>"; };
		691100BC1DFF4D5D00DA3FA4 /* Particle.cpp */ = {isa = PBXFileReference; fileEncoding = 4; lastKnownFileType = sourcecode.cpp.cpp; path = Particle.cpp; sourceTree = "<group>"; };
		691100BD1DFF4D5D00DA3FA4 /* Particle.hpp */ = {isa = PBXFileReference; fileEncoding = 4; lastKnownFileType = sourcecode.cpp.h; path = Particle.hpp; sourceTree = "<group>"; };
		691100BF1DFF4D6A00DA3FA4 /* Swarm.cpp */ = {isa = PBXFileReference; fileEncoding = 4; lastKnownFileType = sourcecode.cpp.cpp; path = Swarm.cpp; sourceTree = "<group>"; };
		691100C01DFF4D6A00DA3FA4 /* Swarm.hpp */ = {isa = PBXFileReference; fileEncoding = 4; lastKnownFileType = sourcecode.cpp.h; path = Swarm.hpp; sourceTree = "<group>"; };
/* End PBXFileReference section */

/* Begin PBXFrameworksBuildPhase section */
		691100AA1DFF247F00DA3FA4 /* Frameworks */ = {
			isa = PBXFrameworksBuildPhase;
			buildActionMask = 2147483647;
			files = (
				691100B81DFF24F800DA3FA4 /* SDL2.framework in Frameworks */,
			);
			runOnlyForDeploymentPostprocessing = 0;
		};
/* End PBXFrameworksBuildPhase section */

/* Begin PBXGroup section */
		691100A41DFF247E00DA3FA4 = {
			isa = PBXGroup;
			children = (
				691100B91DFF2D5500DA3FA4 /* Screen.cpp */,
				691100BA1DFF2D5500DA3FA4 /* Screen.hpp */,
				691100B71DFF24F800DA3FA4 /* SDL2.framework */,
				691100AF1DFF247F00DA3FA4 /* Particle Fire */,
				691100AE1DFF247F00DA3FA4 /* Products */,
			);
			sourceTree = "<group>";
		};
		691100AE1DFF247F00DA3FA4 /* Products */ = {
			isa = PBXGroup;
			children = (
				691100AD1DFF247F00DA3FA4 /* Particle Fire */,
			);
			name = Products;
			sourceTree = "<group>";
		};
		691100AF1DFF247F00DA3FA4 /* Particle Fire */ = {
			isa = PBXGroup;
			children = (
				691100B01DFF247F00DA3FA4 /* main.cpp */,
				691100BC1DFF4D5D00DA3FA4 /* Particle.cpp */,
				691100BD1DFF4D5D00DA3FA4 /* Particle.hpp */,
				691100BF1DFF4D6A00DA3FA4 /* Swarm.cpp */,
				691100C01DFF4D6A00DA3FA4 /* Swarm.hpp */,
			);
			path = "Particle Fire";
			sourceTree = "<group>";
		};
/* End PBXGroup section */

/* Begin PBXNativeTarget section */
		691100AC1DFF247F00DA3FA4 /* Particle Fire */ = {
			isa = PBXNativeTarget;
			buildConfigurationList = 691100B41DFF247F00DA3FA4 /* Build configuration list for PBXNativeTarget "Particle Fire" */;
			buildPhases = (
				691100A91DFF247F00DA3FA4 /* Sources */,
				691100AA1DFF247F00DA3FA4 /* Frameworks */,
				691100AB1DFF247F00DA3FA4 /* CopyFiles */,
			);
			buildRules = (
			);
			dependencies = (
			);
			name = "Particle Fire";
			productName = "Particle Fire";
			productReference = 691100AD1DFF247F00DA3FA4 /* Particle Fire */;
			productType = "com.apple.product-type.tool";
		};
/* End PBXNativeTarget section */

/* Begin PBXProject section */
		691100A51DFF247E00DA3FA4 /* Project object */ = {
			isa = PBXProject;
			attributes = {
				LastUpgradeCheck = 0720;
				ORGANIZATIONNAME = "Wet Cat and Little Lamb";
				TargetAttributes = {
					691100AC1DFF247F00DA3FA4 = {
						CreatedOnToolsVersion = 7.2.1;
					};
				};
			};
			buildConfigurationList = 691100A81DFF247E00DA3FA4 /* Build configuration list for PBXProject "Particle Fire" */;
			compatibilityVersion = "Xcode 3.2";
			developmentRegion = English;
			hasScannedForEncodings = 0;
			knownRegions = (
				en,
			);
			mainGroup = 691100A41DFF247E00DA3FA4;
			productRefGroup = 691100AE1DFF247F00DA3FA4 /* Products */;
			projectDirPath = "";
			projectRoot = "";
			targets = (
				691100AC1DFF247F00DA3FA4 /* Particle Fire */,
			);
		};
/* End PBXProject section */

/* Begin PBXSourcesBuildPhase section */
		691100A91DFF247F00DA3FA4 /* Sources */ = {
			isa = PBXSourcesBuildPhase;
			buildActionMask = 2147483647;
			files = (
				691100C11DFF4D6A00DA3FA4 /* Swarm.cpp in Sources */,
				691100B11DFF247F00DA3FA4 /* main.cpp in Sources */,
				691100BE1DFF4D5D00DA3FA4 /* Particle.cpp in Sources */,
				691100BB1DFF2D5500DA3FA4 /* Screen.cpp in Sources */,
			);
			runOnlyForDeploymentPostprocessing = 0;
		};
/* End PBXSourcesBuildPhase section */

/* Begin XCBuildConfiguration section */
		691100B21DFF247F00DA3FA4 /* Debug */ = {
			isa = XCBuildConfiguration;
			buildSettings = {
				ALWAYS_SEARCH_USER_PATHS = NO;
				CLANG_CXX_LANGUAGE_STANDARD = "gnu++0x";
				CLANG_CXX_LIBRARY = "libc++";
				CLANG_ENABLE_MODULES = YES;
				CLANG_ENABLE_OBJC_ARC = YES;
				CLANG_WARN_BOOL_CONVERSION = YES;
				CLANG_WARN_CONSTANT_CONVERSION = YES;
				CLANG_WARN_DIRECT_OBJC_ISA_USAGE = YES_ERROR;
				CLANG_WARN_EMPTY_BODY = YES;
				CLANG_WARN_ENUM_CONVERSION = YES;
				CLANG_WARN_INT_CONVERSION = YES;
				CLANG_WARN_OBJC_ROOT_CLASS = YES_ERROR;
				CLANG_WARN_UNREACHABLE_CODE = YES;
				CLANG_WARN__DUPLICATE_METHOD_MATCH = YES;
				CODE_SIGN_IDENTITY = "-";
				COPY_PHASE_STRIP = NO;
				DEBUG_INFORMATION_FORMAT = dwarf;
				ENABLE_STRICT_OBJC_MSGSEND = YES;
				ENABLE_TESTABILITY = YES;
				GCC_C_LANGUAGE_STANDARD = gnu99;
				GCC_DYNAMIC_NO_PIC = NO;
				GCC_NO_COMMON_BLOCKS = YES;
				GCC_OPTIMIZATION_LEVEL = 0;
				GCC_PREPROCESSOR_DEFINITIONS = (
					"DEBUG=1",
					"$(inherited)",
				);
				GCC_WARN_64_TO_32_BIT_CONVERSION = YES;
				GCC_WARN_ABOUT_RETURN_TYPE = YES_ERROR;
				GCC_WARN_UNDECLARED_SELECTOR = YES;
				GCC_WARN_UNINITIALIZED_AUTOS = YES_AGGRESSIVE;
				GCC_WARN_UNUSED_FUNCTION = YES;
				GCC_WARN_UNUSED_VARIABLE = YES;
				MACOSX_DEPLOYMENT_TARGET = 10.10;
				MTL_ENABLE_DEBUG_INFO = YES;
				ONLY_ACTIVE_ARCH = YES;
				SDKROOT = macosx;
			};
			name = Debug;
		};
		691100B31DFF247F00DA3FA4 /* Release */ = {
			isa = XCBuildConfiguration;
			buildSettings = {
				ALWAYS_SEARCH_USER_PATHS = NO;
				CLANG_CXX_LANGUAGE_STANDARD = "gnu++0x";
				CLANG_CXX_LIBRARY = "libc++";
				CLANG_ENABLE_MODULES = YES;
				CLANG_ENABLE_OBJC_ARC = YES;
				CLANG_WARN_BOOL_CONVERSION = YES;
				CLANG_WARN_CONSTANT_CONVERSION = YES;
				CLANG_WARN_DIRECT_OBJC_ISA_USAGE = YES_ERROR;
				CLANG_WARN_EMPTY_BODY = YES;
				CLANG_WARN_ENUM_CONVERSION = YES;
				CLANG_WARN_INT_CONVERSION = YES;
				CLANG_WARN_OBJC_ROOT_CLASS = YES_ERROR;
				CLANG_WARN_UNREACHABLE_CODE = YES;
				CLANG_WARN__DUPLICATE_METHOD_MATCH = YES;
				CODE_SIGN_IDENTITY = "-";
				COPY_PHASE_STRIP = NO;
				DEBUG_INFORMATION_FORMAT = "dwarf-with-dsym";
				ENABLE_NS_ASSERTIONS = NO;
				ENABLE_STRICT_OBJC_MSGSEND = YES;
				GCC_C_LANGUAGE_STANDARD = gnu99;
				GCC_NO_COMMON_BLOCKS = YES;
				GCC_WARN_64_TO_32_BIT_CONVERSION = YES;
				GCC_WARN_ABOUT_RETURN_TYPE = YES_ERROR;
				GCC_WARN_UNDECLARED_SELECTOR = YES;
				GCC_WARN_UNINITIALIZED_AUTOS = YES_AGGRESSIVE;
				GCC_WARN_UNUSED_FUNCTION = YES;
				GCC_WARN_UNUSED_VARIABLE = YES;
				MACOSX_DEPLOYMENT_TARGET = 10.10;
				MTL_ENABLE_DEBUG_INFO = NO;
				SDKROOT = macosx;
			};
			name = Release;
		};
		691100B51DFF247F00DA3FA4 /* Debug */ = {
			isa = XCBuildConfiguration;
			buildSettings = {
				FRAMEWORK_SEARCH_PATHS = (
					"$(inherited)",
					"$(LOCAL_LIBRARY_DIR)/Frameworks",
				);
				PRODUCT_NAME = "$(TARGET_NAME)";
			};
			name = Debug;
		};
		691100B61DFF247F00DA3FA4 /* Release */ = {
			isa = XCBuildConfiguration;
			buildSettings = {
				FRAMEWORK_SEARCH_PATHS = (
					"$(inherited)",
					"$(LOCAL_LIBRARY_DIR)/Frameworks",
				);
				PRODUCT_NAME = "$(TARGET_NAME)";
			};
			name = Release;
		};
/* End XCBuildConfiguration section */

/* Begin XCConfigurationList section */
		691100A81DFF247E00DA3FA4 /* Build configuration list for PBXProject "Particle Fire" */ = {
			isa = XCConfigurationList;
			buildConfigurations = (
				691100B21DFF247F00DA3FA4 /* Debug */,
				691100B31DFF247F00DA3FA4 /* Release */,
			);
			defaultConfigurationIsVisible = 0;
			defaultConfigurationName = Release;
		};
		691100B41DFF247F00DA3FA4 /* Build configuration list for PBXNativeTarget "Particle Fire" */ = {
			isa = XCConfigurationList;
			buildConfigurations = (
				691100B51DFF247F00DA3FA4 /* Debug */,
				691100B61DFF247F00DA3FA4 /* Release */,
			);
			defaultConfigurationIsVisible = 0;
		};
/* End XCConfigurationList section */
	};
	rootObject = 691100A51DFF247E00DA3FA4 /* Project object */;
}
